
Microsoft Visual Studio Solution File, Format Version 12.00
# Visual Studio Version 17
VisualStudioVersion = 17.0.31903.59
MinimumVisualStudioVersion = 10.0.40219.1
Project("{2150E333-8FDC-42A3-9474-1A3956D46DE8}") = "src", "src", "{827E0CD3-B72D-47B6-A68D-7590B98EB39B}"
EndProject
Project("{2150E333-8FDC-42A3-9474-1A3956D46DE8}") = "Backend", "Backend", "{FE360695-3F2B-1049-3887-35FBB5135923}"
EndProject
Project("{FAE04EC0-301F-11D3-BF4B-00C04F79EFBC}") = "NuanSystem.Api", "src\Backend\NuanSystem.Api\NuanSystem.Api.csproj", "{83D87AFC-1037-43D4-A037-2C3013EE5C1D}"
EndProject
Project("{FAE04EC0-301F-11D3-BF4B-00C04F79EFBC}") = "NuanSystem.Application", "src\Backend\NuanSystem.Application\NuanSystem.Application.csproj", "{6E9EE175-D329-4749-86E9-CB2307263FE1}"
EndProject
Project("{FAE04EC0-301F-11D3-BF4B-00C04F79EFBC}") = "NuanSystem.Domain", "src\Backend\NuanSystem.Domain\NuanSystem.Domain.csproj", "{E88FF0F3-9385-4465-898D-253F48C2F739}"
EndProject
Project("{FAE04EC0-301F-11D3-BF4B-00C04F79EFBC}") = "NuanSystem.Infrastructure", "src\Backend\NuanSystem.Infrastructure\NuanSystem.Infrastructure.csproj", "{E563E907-B2FB-4DF6-8B2D-50BF6AEB2D03}"
EndProject
Project("{FAE04EC0-301F-11D3-BF4B-00C04F79EFBC}") = "NuanSystem.Persistence", "src\Backend\NuanSystem.Persistence\NuanSystem.Persistence.csproj", "{F09E2653-A3A5-48E6-8AF4-5A2DB05ED281}"
EndProject
Project("{FAE04EC0-301F-11D3-BF4B-00C04F79EFBC}") = "NuanSystem.SapIntegration", "src\Backend\NuanSystem.SapIntegration\NuanSystem.SapIntegration.csproj", "{CA1DF5CD-359C-46BF-B5C1-7ECB7F340967}"
EndProject
Project("{FAE04EC0-301F-11D3-BF4B-00C04F79EFBC}") = "NuanSystem.Shared", "src\Backend\NuanSystem.Shared\NuanSystem.Shared.csproj", "{19E20DF6-6F4F-4EB0-A4ED-7289D8398275}"
EndProject
Project("{2150E333-8FDC-42A3-9474-1A3956D46DE8}") = "Frontend", "Frontend", "{CE609670-85B9-0D16-FB54-ED063D5D8A6D}"
EndProject
Project("{FAE04EC0-301F-11D3-BF4B-00C04F79EFBC}") = "NuanSystem.WinForms.Services", "src\Frontend\NuanSystem.WinForms.Services\NuanSystem.WinForms.Services.csproj", "{7467A4B2-90A4-4C30-B595-F10B83E3632C}"
EndProject
Project("{FAE04EC0-301F-11D3-BF4B-00C04F79EFBC}") = "NuanSystem.WinForms.ViewModels", "src\Frontend\NuanSystem.WinForms.ViewModels\NuanSystem.WinForms.ViewModels.csproj", "{EFDAC0F9-7241-481D-B41F-02F1A2C0D47A}"
EndProject
Project("{FAE04EC0-301F-11D3-BF4B-00C04F79EFBC}") = "NuanSystem.WinForms.Forms", "src\Frontend\NuanSystem.WinForms.Forms\NuanSystem.WinForms.Forms.csproj", "{5DE8771A-FE65-4BEE-9C8E-7E74108F2BCF}"
EndProject
Project("{FAE04EC0-301F-11D3-BF4B-00C04F79EFBC}") = "NuanSystem.WinForms.Controls", "src\Frontend\NuanSystem.WinForms.Controls\NuanSystem.WinForms.Controls.csproj", "{FDE39E11-95B7-48D6-8B8E-DD1484E06BDD}"
EndProject
Project("{FAE04EC0-301F-11D3-BF4B-00C04F79EFBC}") = "NuanSystem.WinForms", "src\Frontend\NuanSystem.WinForms\NuanSystem.WinForms.csproj", "{6613B95C-D1F2-4F4C-8186-03119BC91513}"
EndProject
Global
	GlobalSection(SolutionConfigurationPlatforms) = preSolution
		Debug|Any CPU = Debug|Any CPU
		Debug|x64 = Debug|x64
		Debug|x86 = Debug|x86
		Release|Any CPU = Release|Any CPU
		Release|x64 = Release|x64
		Release|x86 = Release|x86
	EndGlobalSection
	GlobalSection(ProjectConfigurationPlatforms) = postSolution
		{83D87AFC-1037-43D4-A037-2C3013EE5C1D}.Debug|Any CPU.ActiveCfg = Debug|Any CPU
		{83D87AFC-1037-43D4-A037-2C3013EE5C1D}.Debug|Any CPU.Build.0 = Debug|Any CPU
		{83D87AFC-1037-43D4-A037-2C3013EE5C1D}.Debug|x64.ActiveCfg = Debug|Any CPU
		{83D87AFC-1037-43D4-A037-2C3013EE5C1D}.Debug|x64.Build.0 = Debug|Any CPU
		{83D87AFC-1037-43D4-A037-2C3013EE5C1D}.Debug|x86.ActiveCfg = Debug|Any CPU
		{83D87AFC-1037-43D4-A037-2C3013EE5C1D}.Debug|x86.Build.0 = Debug|Any CPU
		{83D87AFC-1037-43D4-A037-2C3013EE5C1D}.Release|Any CPU.ActiveCfg = Release|Any CPU
		{83D87AFC-1037-43D4-A037-2C3013EE5C1D}.Release|Any CPU.Build.0 = Release|Any CPU
		{83D87AFC-1037-43D4-A037-2C3013EE5C1D}.Release|x64.ActiveCfg = Release|Any CPU
		{83D87AFC-1037-43D4-A037-2C3013EE5C1D}.Release|x64.Build.0 = Release|Any CPU
		{83D87AFC-1037-43D4-A037-2C3013EE5C1D}.Release|x86.ActiveCfg = Release|Any CPU
		{83D87AFC-1037-43D4-A037-2C3013EE5C1D}.Release|x86.Build.0 = Release|Any CPU
		{6E9EE175-D329-4749-86E9-CB2307263FE1}.Debug|Any CPU.ActiveCfg = Debug|Any CPU
		{6E9EE175-D329-4749-86E9-CB2307263FE1}.Debug|Any CPU.Build.0 = Debug|Any CPU
		{6E9EE175-D329-4749-86E9-CB2307263FE1}.Debug|x64.ActiveCfg = Debug|Any CPU
		{6E9EE175-D329-4749-86E9-CB2307263FE1}.Debug|x64.Build.0 = Debug|Any CPU
		{6E9EE175-D329-4749-86E9-CB2307263FE1}.Debug|x86.ActiveCfg = Debug|Any CPU
		{6E9EE175-D329-4749-86E9-CB2307263FE1}.Debug|x86.Build.0 = Debug|Any CPU
		{6E9EE175-D329-4749-86E9-CB2307263FE1}.Release|Any CPU.ActiveCfg = Release|Any CPU
		{6E9EE175-D329-4749-86E9-CB2307263FE1}.Release|Any CPU.Build.0 = Release|Any CPU
		{6E9EE175-D329-4749-86E9-CB2307263FE1}.Release|x64.ActiveCfg = Release|Any CPU
		{6E9EE175-D329-4749-86E9-CB2307263FE1}.Release|x64.Build.0 = Release|Any CPU
		{6E9EE175-D329-4749-86E9-CB2307263FE1}.Release|x86.ActiveCfg = Release|Any CPU
		{6E9EE175-D329-4749-86E9-CB2307263FE1}.Release|x86.Build.0 = Release|Any CPU
		{E88FF0F3-9385-4465-898D-253F48C2F739}.Debug|Any CPU.ActiveCfg = Debug|Any CPU
		{E88FF0F3-9385-4465-898D-253F48C2F739}.Debug|Any CPU.Build.0 = Debug|Any CPU
		{E88FF0F3-9385-4465-898D-253F48C2F739}.Debug|x64.ActiveCfg = Debug|Any CPU
		{E88FF0F3-9385-4465-898D-253F48C2F739}.Debug|x64.Build.0 = Debug|Any CPU
		{E88FF0F3-9385-4465-898D-253F48C2F739}.Debug|x86.ActiveCfg = Debug|Any CPU
		{E88FF0F3-9385-4465-898D-253F48C2F739}.Debug|x86.Build.0 = Debug|Any CPU
		{E88FF0F3-9385-4465-898D-253F48C2F739}.Release|Any CPU.ActiveCfg = Release|Any CPU
		{E88FF0F3-9385-4465-898D-253F48C2F739}.Release|Any CPU.Build.0 = Release|Any CPU
		{E88FF0F3-9385-4465-898D-253F48C2F739}.Release|x64.ActiveCfg = Release|Any CPU
		{E88FF0F3-9385-4465-898D-253F48C2F739}.Release|x64.Build.0 = Release|Any CPU
		{E88FF0F3-9385-4465-898D-253F48C2F739}.Release|x86.ActiveCfg = Release|Any CPU
		{E88FF0F3-9385-4465-898D-253F48C2F739}.Release|x86.Build.0 = Release|Any CPU
		{E563E907-B2FB-4DF6-8B2D-50BF6AEB2D03}.Debug|Any CPU.ActiveCfg = Debug|Any CPU
		{E563E907-B2FB-4DF6-8B2D-50BF6AEB2D03}.Debug|Any CPU.Build.0 = Debug|Any CPU
		{E563E907-B2FB-4DF6-8B2D-50BF6AEB2D03}.Debug|x64.ActiveCfg = Debug|Any CPU
		{E563E907-B2FB-4DF6-8B2D-50BF6AEB2D03}.Debug|x64.Build.0 = Debug|Any CPU
		{E563E907-B2FB-4DF6-8B2D-50BF6AEB2D03}.Debug|x86.ActiveCfg = Debug|Any CPU
		{E563E907-B2FB-4DF6-8B2D-50BF6AEB2D03}.Debug|x86.Build.0 = Debug|Any CPU
		{E563E907-B2FB-4DF6-8B2D-50BF6AEB2D03}.Release|Any CPU.ActiveCfg = Release|Any CPU
		{E563E907-B2FB-4DF6-8B2D-50BF6AEB2D03}.Release|Any CPU.Build.0 = Release|Any CPU
		{E563E907-B2FB-4DF6-8B2D-50BF6AEB2D03}.Release|x64.ActiveCfg = Release|Any CPU
		{E563E907-B2FB-4DF6-8B2D-50BF6AEB2D03}.Release|x64.Build.0 = Release|Any CPU
		{E563E907-B2FB-4DF6-8B2D-50BF6AEB2D03}.Release|x86.ActiveCfg = Release|Any CPU
		{E563E907-B2FB-4DF6-8B2D-50BF6AEB2D03}.Release|x86.Build.0 = Release|Any CPU
		{F09E2653-A3A5-48E6-8AF4-5A2DB05ED281}.Debug|Any CPU.ActiveCfg = Debug|Any CPU
		{F09E2653-A3A5-48E6-8AF4-5A2DB05ED281}.Debug|Any CPU.Build.0 = Debug|Any CPU
		{F09E2653-A3A5-48E6-8AF4-5A2DB05ED281}.Debug|x64.ActiveCfg = Debug|Any CPU
		{F09E2653-A3A5-48E6-8AF4-5A2DB05ED281}.Debug|x64.Build.0 = Debug|Any CPU
		{F09E2653-A3A5-48E6-8AF4-5A2DB05ED281}.Debug|x86.ActiveCfg = Debug|Any CPU
		{F09E2653-A3A5-48E6-8AF4-5A2DB05ED281}.Debug|x86.Build.0 = Debug|Any CPU
		{F09E2653-A3A5-48E6-8AF4-5A2DB05ED281}.Release|Any CPU.ActiveCfg = Release|Any CPU
		{F09E2653-A3A5-48E6-8AF4-5A2DB05ED281}.Release|Any CPU.Build.0 = Release|Any CPU
		{F09E2653-A3A5-48E6-8AF4-5A2DB05ED281}.Release|x64.ActiveCfg = Release|Any CPU
		{F09E2653-A3A5-48E6-8AF4-5A2DB05ED281}.Release|x64.Build.0 = Release|Any CPU
		{F09E2653-A3A5-48E6-8AF4-5A2DB05ED281}.Release|x86.ActiveCfg = Release|Any CPU
		{F09E2653-A3A5-48E6-8AF4-5A2DB05ED281}.Release|x86.Build.0 = Release|Any CPU
		{CA1DF5CD-359C-46BF-B5C1-7ECB7F340967}.Debug|Any CPU.ActiveCfg = Debug|Any CPU
		{CA1DF5CD-359C-46BF-B5C1-7ECB7F340967}.Debug|Any CPU.Build.0 = Debug|Any CPU
		{CA1DF5CD-359C-46BF-B5C1-7ECB7F340967}.Debug|x64.ActiveCfg = Debug|Any CPU
		{CA1DF5CD-359C-46BF-B5C1-7ECB7F340967}.Debug|x64.Build.0 = Debug|Any CPU
		{CA1DF5CD-359C-46BF-B5C1-7ECB7F340967}.Debug|x86.ActiveCfg = Debug|Any CPU
		{CA1DF5CD-359C-46BF-B5C1-7ECB7F340967}.Debug|x86.Build.0 = Debug|Any CPU
		{CA1DF5CD-359C-46BF-B5C1-7ECB7F340967}.Release|Any CPU.ActiveCfg = Release|Any CPU
		{CA1DF5CD-359C-46BF-B5C1-7ECB7F340967}.Release|Any CPU.Build.0 = Release|Any CPU
		{CA1DF5CD-359C-46BF-B5C1-7ECB7F340967}.Release|x64.ActiveCfg = Release|Any CPU
		{CA1DF5CD-359C-46BF-B5C1-7ECB7F340967}.Release|x64.Build.0 = Release|Any CPU
		{CA1DF5CD-359C-46BF-B5C1-7ECB7F340967}.Release|x86.ActiveCfg = Release|Any CPU
		{CA1DF5CD-359C-46BF-B5C1-7ECB7F340967}.Release|x86.Build.0 = Release|Any CPU
		{19E20DF6-6F4F-4EB0-A4ED-7289D8398275}.Debug|Any CPU.ActiveCfg = Debug|Any CPU
		{19E20DF6-6F4F-4EB0-A4ED-7289D8398275}.Debug|Any CPU.Build.0 = Debug|Any CPU
		{19E20DF6-6F4F-4EB0-A4ED-7289D8398275}.Debug|x64.ActiveCfg = Debug|Any CPU
		{19E20DF6-6F4F-4EB0-A4ED-7289D8398275}.Debug|x64.Build.0 = Debug|Any CPU
		{19E20DF6-6F4F-4EB0-A4ED-7289D8398275}.Debug|x86.ActiveCfg = Debug|Any CPU
		{19E20DF6-6F4F-4EB0-A4ED-7289D8398275}.Debug|x86.Build.0 = Debug|Any CPU
		{19E20DF6-6F4F-4EB0-A4ED-7289D8398275}.Release|Any CPU.ActiveCfg = Release|Any CPU
		{19E20DF6-6F4F-4EB0-A4ED-7289D8398275}.Release|Any CPU.Build.0 = Release|Any CPU
		{19E20DF6-6F4F-4EB0-A4ED-7289D8398275}.Release|x64.ActiveCfg = Release|Any CPU
		{19E20DF6-6F4F-4EB0-A4ED-7289D8398275}.Release|x64.Build.0 = Release|Any CPU
		{19E20DF6-6F4F-4EB0-A4ED-7289D8398275}.Release|x86.ActiveCfg = Release|Any CPU
		{19E20DF6-6F4F-4EB0-A4ED-7289D8398275}.Release|x86.Build.0 = Release|Any CPU
		{7467A4B2-90A4-4C30-B595-F10B83E3632C}.Debug|Any CPU.ActiveCfg = Debug|Any CPU
		{7467A4B2-90A4-4C30-B595-F10B83E3632C}.Debug|Any CPU.Build.0 = Debug|Any CPU
		{7467A4B2-90A4-4C30-B595-F10B83E3632C}.Debug|x64.ActiveCfg = Debug|Any CPU
		{7467A4B2-90A4-4C30-B595-F10B83E3632C}.Debug|x64.Build.0 = Debug|Any CPU
		{7467A4B2-90A4-4C30-B595-F10B83E3632C}.Debug|x86.ActiveCfg = Debug|Any CPU
		{7467A4B2-90A4-4C30-B595-F10B83E3632C}.Debug|x86.Build.0 = Debug|Any CPU
		{7467A4B2-90A4-4C30-B595-F10B83E3632C}.Release|Any CPU.ActiveCfg = Release|Any CPU
		{7467A4B2-90A4-4C30-B595-F10B83E3632C}.Release|Any CPU.Build.0 = Release|Any CPU
		{7467A4B2-90A4-4C30-B595-F10B83E3632C}.Release|x64.ActiveCfg = Release|Any CPU
		{7467A4B2-90A4-4C30-B595-F10B83E3632C}.Release|x64.Build.0 = Release|Any CPU
		{7467A4B2-90A4-4C30-B595-F10B83E3632C}.Release|x86.ActiveCfg = Release|Any CPU
		{7467A4B2-90A4-4C30-B595-F10B83E3632C}.Release|x86.Build.0 = Release|Any CPU
		{EFDAC0F9-7241-481D-B41F-02F1A2C0D47A}.Debug|Any CPU.ActiveCfg = Debug|Any CPU
		{EFDAC0F9-7241-481D-B41F-02F1A2C0D47A}.Debug|Any CPU.Build.0 = Debug|Any CPU
		{EFDAC0F9-7241-481D-B41F-02F1A2C0D47A}.Debug|x64.ActiveCfg = Debug|Any CPU
		{EFDAC0F9-7241-481D-B41F-02F1A2C0D47A}.Debug|x64.Build.0 = Debug|Any CPU
		{EFDAC0F9-7241-481D-B41F-02F1A2C0D47A}.Debug|x86.ActiveCfg = Debug|Any CPU
		{EFDAC0F9-7241-481D-B41F-02F1A2C0D47A}.Debug|x86.Build.0 = Debug|Any CPU
		{EFDAC0F9-7241-481D-B41F-02F1A2C0D47A}.Release|Any CPU.ActiveCfg = Release|Any CPU
		{EFDAC0F9-7241-481D-B41F-02F1A2C0D47A}.Release|Any CPU.Build.0 = Release|Any CPU
		{EFDAC0F9-7241-481D-B41F-02F1A2C0D47A}.Release|x64.ActiveCfg = Release|Any CPU
		{EFDAC0F9-7241-481D-B41F-02F1A2C0D47A}.Release|x64.Build.0 = Release|Any CPU
		{EFDAC0F9-7241-481D-B41F-02F1A2C0D47A}.Release|x86.ActiveCfg = Release|Any CPU
		{EFDAC0F9-7241-481D-B41F-02F1A2C0D47A}.Release|x86.Build.0 = Release|Any CPU
		{5DE8771A-FE65-4BEE-9C8E-7E74108F2BCF}.Debug|Any CPU.ActiveCfg = Debug|Any CPU
		{5DE8771A-FE65-4BEE-9C8E-7E74108F2BCF}.Debug|Any CPU.Build.0 = Debug|Any CPU
		{5DE8771A-FE65-4BEE-9C8E-7E74108F2BCF}.Debug|x64.ActiveCfg = Debug|Any CPU
		{5DE8771A-FE65-4BEE-9C8E-7E74108F2BCF}.Debug|x64.Build.0 = Debug|Any CPU
		{5DE8771A-FE65-4BEE-9C8E-7E74108F2BCF}.Debug|x86.ActiveCfg = Debug|Any CPU
		{5DE8771A-FE65-4BEE-9C8E-7E74108F2BCF}.Debug|x86.Build.0 = Debug|Any CPU
		{5DE8771A-FE65-4BEE-9C8E-7E74108F2BCF}.Release|Any CPU.ActiveCfg = Release|Any CPU
		{5DE8771A-FE65-4BEE-9C8E-7E74108F2BCF}.Release|Any CPU.Build.0 = Release|Any CPU
		{5DE8771A-FE65-4BEE-9C8E-7E74108F2BCF}.Release|x64.ActiveCfg = Release|Any CPU
		{5DE8771A-FE65-4BEE-9C8E-7E74108F2BCF}.Release|x64.Build.0 = Release|Any CPU
		{5DE8771A-FE65-4BEE-9C8E-7E74108F2BCF}.Release|x86.ActiveCfg = Release|Any CPU
		{5DE8771A-FE65-4BEE-9C8E-7E74108F2BCF}.Release|x86.Build.0 = Release|Any CPU
		{FDE39E11-95B7-48D6-8B8E-DD1484E06BDD}.Debug|Any CPU.ActiveCfg = Debug|Any CPU
		{FDE39E11-95B7-48D6-8B8E-DD1484E06BDD}.Debug|Any CPU.Build.0 = Debug|Any CPU
		{FDE39E11-95B7-48D6-8B8E-DD1484E06BDD}.Debug|x64.ActiveCfg = Debug|Any CPU
		{FDE39E11-95B7-48D6-8B8E-DD1484E06BDD}.Debug|x64.Build.0 = Debug|Any CPU
		{FDE39E11-95B7-48D6-8B8E-DD1484E06BDD}.Debug|x86.ActiveCfg = Debug|Any CPU
		{FDE39E11-95B7-48D6-8B8E-DD1484E06BDD}.Debug|x86.Build.0 = Debug|Any CPU
		{FDE39E11-95B7-48D6-8B8E-DD1484E06BDD}.Release|Any CPU.ActiveCfg = Release|Any CPU
		{FDE39E11-95B7-48D6-8B8E-DD1484E06BDD}.Release|Any CPU.Build.0 = Release|Any CPU
		{FDE39E11-95B7-48D6-8B8E-DD1484E06BDD}.Release|x64.ActiveCfg = Release|Any CPU
		{FDE39E11-95B7-48D6-8B8E-DD1484E06BDD}.Release|x64.Build.0 = Release|Any CPU
		{FDE39E11-95B7-48D6-8B8E-DD1484E06BDD}.Release|x86.ActiveCfg = Release|Any CPU
		{FDE39E11-95B7-48D6-8B8E-DD1484E06BDD}.Release|x86.Build.0 = Release|Any CPU
		{6613B95C-D1F2-4F4C-8186-03119BC91513}.Debug|Any CPU.ActiveCfg = Debug|Any CPU
		{6613B95C-D1F2-4F4C-8186-03119BC91513}.Debug|Any CPU.Build.0 = Debug|Any CPU
		{6613B95C-D1F2-4F4C-8186-03119BC91513}.Debug|x64.ActiveCfg = Debug|Any CPU
		{6613B95C-D1F2-4F4C-8186-03119BC91513}.Debug|x64.Build.0 = Debug|Any CPU
		{6613B95C-D1F2-4F4C-8186-03119BC91513}.Debug|x86.ActiveCfg = Debug|Any CPU
		{6613B95C-D1F2-4F4C-8186-03119BC91513}.Debug|x86.Build.0 = Debug|Any CPU
		{6613B95C-D1F2-4F4C-8186-03119BC91513}.Release|Any CPU.ActiveCfg = Release|Any CPU
		{6613B95C-D1F2-4F4C-8186-03119BC91513}.Release|Any CPU.Build.0 = Release|Any CPU
		{6613B95C-D1F2-4F4C-8186-03119BC91513}.Release|x64.ActiveCfg = Release|Any CPU
		{6613B95C-D1F2-4F4C-8186-03119BC91513}.Release|x64.Build.0 = Release|Any CPU
		{6613B95C-D1F2-4F4C-8186-03119BC91513}.Release|x86.ActiveCfg = Release|Any CPU
		{6613B95C-D1F2-4F4C-8186-03119BC91513}.Release|x86.Build.0 = Release|Any CPU
	EndGlobalSection
	GlobalSection(SolutionProperties) = preSolution
		HideSolutionNode = FALSE
	EndGlobalSection
	GlobalSection(NestedProjects) = preSolution
		{FE360695-3F2B-1049-3887-35FBB5135923} = {827E0CD3-B72D-47B6-A68D-7590B98EB39B}
		{83D87AFC-1037-43D4-A037-2C3013EE5C1D} = {FE360695-3F2B-1049-3887-35FBB5135923}
		{6E9EE175-D329-4749-86E9-CB2307263FE1} = {FE360695-3F2B-1049-3887-35FBB5135923}
		{E88FF0F3-9385-4465-898D-253F48C2F739} = {FE360695-3F2B-1049-3887-35FBB5135923}
		{E563E907-B2FB-4DF6-8B2D-50BF6AEB2D03} = {FE360695-3F2B-1049-3887-35FBB5135923}
		{F09E2653-A3A5-48E6-8AF4-5A2DB05ED281} = {FE360695-3F2B-1049-3887-35FBB5135923}
		{CA1DF5CD-359C-46BF-B5C1-7ECB7F340967} = {FE360695-3F2B-1049-3887-35FBB5135923}
		{19E20DF6-6F4F-4EB0-A4ED-7289D8398275} = {FE360695-3F2B-1049-3887-35FBB5135923}
		{7467A4B2-90A4-4C30-B595-F10B83E3632C} = {CE609670-85B9-0D16-FB54-ED063D5D8A6D}
		{EFDAC0F9-7241-481D-B41F-02F1A2C0D47A} = {CE609670-85B9-0D16-FB54-ED063D5D8A6D}
		{5DE8771A-FE65-4BEE-9C8E-7E74108F2BCF} = {CE609670-85B9-0D16-FB54-ED063D5D8A6D}
		{FDE39E11-95B7-48D6-8B8E-DD1484E06BDD} = {CE609670-85B9-0D16-FB54-ED063D5D8A6D}
		{6613B95C-D1F2-4F4C-8186-03119BC91513} = {CE609670-85B9-0D16-FB54-ED063D5D8A6D}
	EndGlobalSection
EndGlobal
